
Microsoft Visual Studio Solution File, Format Version 12.00
# Visual Studio 14
VisualStudioVersion = 14.0.25420.1
MinimumVisualStudioVersion = 10.0.40219.1
Project("{FAE04EC0-301F-11D3-BF4B-00C04F79EFBC}") = "ForumSpeakerDetails", "ForumSpeakerDetails\ForumSpeakerDetails\ForumSpeakerDetails.csproj", "{7756F277-693F-4E76-B7F2-E84D29ECB933}"
EndProject
Project("{FAE04EC0-301F-11D3-BF4B-00C04F79EFBC}") = "ForumSpeakerDetails.Droid", "ForumSpeakerDetails\ForumSpeakerDetails.Droid\ForumSpeakerDetails.Droid.csproj", "{88DDEC4C-CE1F-44E0-9269-0F02D6E2AC82}"
EndProject
Project("{FAE04EC0-301F-11D3-BF4B-00C04F79EFBC}") = "ForumSpeakerDetails.iOS", "ForumSpeakerDetails\ForumSpeakerDetails.iOS\ForumSpeakerDetails.iOS.csproj", "{20D4ED65-5E08-4608-951B-D294CBFDCDA5}"
EndProject
Project("{FAE04EC0-301F-11D3-BF4B-00C04F79EFBC}") = "ForumSpeakerDetails.UWP", "ForumSpeakerDetails\ForumSpeakerDetails.UWP\ForumSpeakerDetails.UWP.csproj", "{3A0DD511-AFA4-4DA6-BE23-0FCD721756E7}"
EndProject
Global
	GlobalSection(SolutionConfigurationPlatforms) = preSolution
		Ad-Hoc|Any CPU = Ad-Hoc|Any CPU
		Ad-Hoc|ARM = Ad-Hoc|ARM
		Ad-Hoc|iPhone = Ad-Hoc|iPhone
		Ad-Hoc|iPhoneSimulator = Ad-Hoc|iPhoneSimulator
		Ad-Hoc|x64 = Ad-Hoc|x64
		Ad-Hoc|x86 = Ad-Hoc|x86
		AppStore|Any CPU = AppStore|Any CPU
		AppStore|ARM = AppStore|ARM
		AppStore|iPhone = AppStore|iPhone
		AppStore|iPhoneSimulator = AppStore|iPhoneSimulator
		AppStore|x64 = AppStore|x64
		AppStore|x86 = AppStore|x86
		Debug|Any CPU = Debug|Any CPU
		Debug|ARM = Debug|ARM
		Debug|iPhone = Debug|iPhone
		Debug|iPhoneSimulator = Debug|iPhoneSimulator
		Debug|x64 = Debug|x64
		Debug|x86 = Debug|x86
		Release|Any CPU = Release|Any CPU
		Release|ARM = Release|ARM
		Release|iPhone = Release|iPhone
		Release|iPhoneSimulator = Release|iPhoneSimulator
		Release|x64 = Release|x64
		Release|x86 = Release|x86
	EndGlobalSection
	GlobalSection(ProjectConfigurationPlatforms) = postSolution
		{7756F277-693F-4E76-B7F2-E84D29ECB933}.Ad-Hoc|Any CPU.ActiveCfg = Release|Any CPU
		{7756F277-693F-4E76-B7F2-E84D29ECB933}.Ad-Hoc|Any CPU.Build.0 = Release|Any CPU
		{7756F277-693F-4E76-B7F2-E84D29ECB933}.Ad-Hoc|ARM.ActiveCfg = Release|Any CPU
		{7756F277-693F-4E76-B7F2-E84D29ECB933}.Ad-Hoc|ARM.Build.0 = Release|Any CPU
		{7756F277-693F-4E76-B7F2-E84D29ECB933}.Ad-Hoc|iPhone.ActiveCfg = Release|Any CPU
		{7756F277-693F-4E76-B7F2-E84D29ECB933}.Ad-Hoc|iPhone.Build.0 = Release|Any CPU
		{7756F277-693F-4E76-B7F2-E84D29ECB933}.Ad-Hoc|iPhoneSimulator.ActiveCfg = Release|Any CPU
		{7756F277-693F-4E76-B7F2-E84D29ECB933}.Ad-Hoc|iPhoneSimulator.Build.0 = Release|Any CPU
		{7756F277-693F-4E76-B7F2-E84D29ECB933}.Ad-Hoc|x64.ActiveCfg = Release|Any CPU
		{7756F277-693F-4E76-B7F2-E84D29ECB933}.Ad-Hoc|x64.Build.0 = Release|Any CPU
		{7756F277-693F-4E76-B7F2-E84D29ECB933}.Ad-Hoc|x86.ActiveCfg = Release|Any CPU
		{7756F277-693F-4E76-B7F2-E84D29ECB933}.Ad-Hoc|x86.Build.0 = Release|Any CPU
		{7756F277-693F-4E76-B7F2-E84D29ECB933}.AppStore|Any CPU.ActiveCfg = Release|Any CPU
		{7756F277-693F-4E76-B7F2-E84D29ECB933}.AppStore|Any CPU.Build.0 = Release|Any CPU
		{7756F277-693F-4E76-B7F2-E84D29ECB933}.AppStore|ARM.ActiveCfg = Release|Any CPU
		{7756F277-693F-4E76-B7F2-E84D29ECB933}.AppStore|ARM.Build.0 = Release|Any CPU
		{7756F277-693F-4E76-B7F2-E84D29ECB933}.AppStore|iPhone.ActiveCfg = Release|Any CPU
		{7756F277-693F-4E76-B7F2-E84D29ECB933}.AppStore|iPhone.Build.0 = Release|Any CPU
		{7756F277-693F-4E76-B7F2-E84D29ECB933}.AppStore|iPhoneSimulator.ActiveCfg = Release|Any CPU
		{7756F277-693F-4E76-B7F2-E84D29ECB933}.AppStore|iPhoneSimulator.Build.0 = Release|Any CPU
		{7756F277-693F-4E76-B7F2-E84D29ECB933}.AppStore|x64.ActiveCfg = Release|Any CPU
		{7756F277-693F-4E76-B7F2-E84D29ECB933}.AppStore|x64.Build.0 = Release|Any CPU
		{7756F277-693F-4E76-B7F2-E84D29ECB933}.AppStore|x86.ActiveCfg = Release|Any CPU
		{7756F277-693F-4E76-B7F2-E84D29ECB933}.AppStore|x86.Build.0 = Release|Any CPU
		{7756F277-693F-4E76-B7F2-E84D29ECB933}.Debug|Any CPU.ActiveCfg = Debug|Any CPU
		{7756F277-693F-4E76-B7F2-E84D29ECB933}.Debug|Any CPU.Build.0 = Debug|Any CPU
		{7756F277-693F-4E76-B7F2-E84D29ECB933}.Debug|ARM.ActiveCfg = Debug|Any CPU
		{7756F277-693F-4E76-B7F2-E84D29ECB933}.Debug|ARM.Build.0 = Debug|Any CPU
		{7756F277-693F-4E76-B7F2-E84D29ECB933}.Debug|iPhone.ActiveCfg = Debug|Any CPU
		{7756F277-693F-4E76-B7F2-E84D29ECB933}.Debug|iPhone.Build.0 = Debug|Any CPU
		{7756F277-693F-4E76-B7F2-E84D29ECB933}.Debug|iPhoneSimulator.ActiveCfg = Debug|Any CPU
		{7756F277-693F-4E76-B7F2-E84D29ECB933}.Debug|iPhoneSimulator.Build.0 = Debug|Any CPU
		{7756F277-693F-4E76-B7F2-E84D29ECB933}.Debug|x64.ActiveCfg = Debug|Any CPU
		{7756F277-693F-4E76-B7F2-E84D29ECB933}.Debug|x64.Build.0 = Debug|Any CPU
		{7756F277-693F-4E76-B7F2-E84D29ECB933}.Debug|x86.ActiveCfg = Debug|Any CPU
		{7756F277-693F-4E76-B7F2-E84D29ECB933}.Debug|x86.Build.0 = Debug|Any CPU
		{7756F277-693F-4E76-B7F2-E84D29ECB933}.Release|Any CPU.ActiveCfg = Release|Any CPU
		{7756F277-693F-4E76-B7F2-E84D29ECB933}.Release|Any CPU.Build.0 = Release|Any CPU
		{7756F277-693F-4E76-B7F2-E84D29ECB933}.Release|ARM.ActiveCfg = Release|Any CPU
		{7756F277-693F-4E76-B7F2-E84D29ECB933}.Release|ARM.Build.0 = Release|Any CPU
		{7756F277-693F-4E76-B7F2-E84D29ECB933}.Release|iPhone.ActiveCfg = Release|Any CPU
		{7756F277-693F-4E76-B7F2-E84D29ECB933}.Release|iPhone.Build.0 = Release|Any CPU
		{7756F277-693F-4E76-B7F2-E84D29ECB933}.Release|iPhoneSimulator.ActiveCfg = Release|Any CPU
		{7756F277-693F-4E76-B7F2-E84D29ECB933}.Release|iPhoneSimulator.Build.0 = Release|Any CPU
		{7756F277-693F-4E76-B7F2-E84D29ECB933}.Release|x64.ActiveCfg = Release|Any CPU
		{7756F277-693F-4E76-B7F2-E84D29ECB933}.Release|x64.Build.0 = Release|Any CPU
		{7756F277-693F-4E76-B7F2-E84D29ECB933}.Release|x86.ActiveCfg = Release|Any CPU
		{7756F277-693F-4E76-B7F2-E84D29ECB933}.Release|x86.Build.0 = Release|Any CPU
		{88DDEC4C-CE1F-44E0-9269-0F02D6E2AC82}.Ad-Hoc|Any CPU.ActiveCfg = Release|Any CPU
		{88DDEC4C-CE1F-44E0-9269-0F02D6E2AC82}.Ad-Hoc|Any CPU.Build.0 = Release|Any CPU
		{88DDEC4C-CE1F-44E0-9269-0F02D6E2AC82}.Ad-Hoc|Any CPU.Deploy.0 = Release|Any CPU
		{88DDEC4C-CE1F-44E0-9269-0F02D6E2AC82}.Ad-Hoc|ARM.ActiveCfg = Release|Any CPU
		{88DDEC4C-CE1F-44E0-9269-0F02D6E2AC82}.Ad-Hoc|ARM.Build.0 = Release|Any CPU
		{88DDEC4C-CE1F-44E0-9269-0F02D6E2AC82}.Ad-Hoc|ARM.Deploy.0 = Release|Any CPU
		{88DDEC4C-CE1F-44E0-9269-0F02D6E2AC82}.Ad-Hoc|iPhone.ActiveCfg = Release|Any CPU
		{88DDEC4C-CE1F-44E0-9269-0F02D6E2AC82}.Ad-Hoc|iPhone.Build.0 = Release|Any CPU
		{88DDEC4C-CE1F-44E0-9269-0F02D6E2AC82}.Ad-Hoc|iPhone.Deploy.0 = Release|Any CPU
		{88DDEC4C-CE1F-44E0-9269-0F02D6E2AC82}.Ad-Hoc|iPhoneSimulator.ActiveCfg = Release|Any CPU
		{88DDEC4C-CE1F-44E0-9269-0F02D6E2AC82}.Ad-Hoc|iPhoneSimulator.Build.0 = Release|Any CPU
		{88DDEC4C-CE1F-44E0-9269-0F02D6E2AC82}.Ad-Hoc|iPhoneSimulator.Deploy.0 = Release|Any CPU
		{88DDEC4C-CE1F-44E0-9269-0F02D6E2AC82}.Ad-Hoc|x64.ActiveCfg = Release|Any CPU
		{88DDEC4C-CE1F-44E0-9269-0F02D6E2AC82}.Ad-Hoc|x64.Build.0 = Release|Any CPU
		{88DDEC4C-CE1F-44E0-9269-0F02D6E2AC82}.Ad-Hoc|x64.Deploy.0 = Release|Any CPU
		{88DDEC4C-CE1F-44E0-9269-0F02D6E2AC82}.Ad-Hoc|x86.ActiveCfg = Release|Any CPU
		{88DDEC4C-CE1F-44E0-9269-0F02D6E2AC82}.Ad-Hoc|x86.Build.0 = Release|Any CPU
		{88DDEC4C-CE1F-44E0-9269-0F02D6E2AC82}.Ad-Hoc|x86.Deploy.0 = Release|Any CPU
		{88DDEC4C-CE1F-44E0-9269-0F02D6E2AC82}.AppStore|Any CPU.ActiveCfg = Release|Any CPU
		{88DDEC4C-CE1F-44E0-9269-0F02D6E2AC82}.AppStore|Any CPU.Build.0 = Release|Any CPU
		{88DDEC4C-CE1F-44E0-9269-0F02D6E2AC82}.AppStore|Any CPU.Deploy.0 = Release|Any CPU
		{88DDEC4C-CE1F-44E0-9269-0F02D6E2AC82}.AppStore|ARM.ActiveCfg = Release|Any CPU
		{88DDEC4C-CE1F-44E0-9269-0F02D6E2AC82}.AppStore|ARM.Build.0 = Release|Any CPU
		{88DDEC4C-CE1F-44E0-9269-0F02D6E2AC82}.AppStore|ARM.Deploy.0 = Release|Any CPU
		{88DDEC4C-CE1F-44E0-9269-0F02D6E2AC82}.AppStore|iPhone.ActiveCfg = Release|Any CPU
		{88DDEC4C-CE1F-44E0-9269-0F02D6E2AC82}.AppStore|iPhone.Build.0 = Release|Any CPU
		{88DDEC4C-CE1F-44E0-9269-0F02D6E2AC82}.AppStore|iPhone.Deploy.0 = Release|Any CPU
		{88DDEC4C-CE1F-44E0-9269-0F02D6E2AC82}.AppStore|iPhoneSimulator.ActiveCfg = Release|Any CPU
		{88DDEC4C-CE1F-44E0-9269-0F02D6E2AC82}.AppStore|iPhoneSimulator.Build.0 = Release|Any CPU
		{88DDEC4C-CE1F-44E0-9269-0F02D6E2AC82}.AppStore|iPhoneSimulator.Deploy.0 = Release|Any CPU
		{88DDEC4C-CE1F-44E0-9269-0F02D6E2AC82}.AppStore|x64.ActiveCfg = Release|Any CPU
		{88DDEC4C-CE1F-44E0-9269-0F02D6E2AC82}.AppStore|x64.Build.0 = Release|Any CPU
		{88DDEC4C-CE1F-44E0-9269-0F02D6E2AC82}.AppStore|x64.Deploy.0 = Release|Any CPU
		{88DDEC4C-CE1F-44E0-9269-0F02D6E2AC82}.AppStore|x86.ActiveCfg = Release|Any CPU
		{88DDEC4C-CE1F-44E0-9269-0F02D6E2AC82}.AppStore|x86.Build.0 = Release|Any CPU
		{88DDEC4C-CE1F-44E0-9269-0F02D6E2AC82}.AppStore|x86.Deploy.0 = Release|Any CPU
		{88DDEC4C-CE1F-44E0-9269-0F02D6E2AC82}.Debug|Any CPU.ActiveCfg = Debug|Any CPU
		{88DDEC4C-CE1F-44E0-9269-0F02D6E2AC82}.Debug|Any CPU.Build.0 = Debug|Any CPU
		{88DDEC4C-CE1F-44E0-9269-0F02D6E2AC82}.Debug|Any CPU.Deploy.0 = Debug|Any CPU
		{88DDEC4C-CE1F-44E0-9269-0F02D6E2AC82}.Debug|ARM.ActiveCfg = Debug|Any CPU
		{88DDEC4C-CE1F-44E0-9269-0F02D6E2AC82}.Debug|ARM.Build.0 = Debug|Any CPU
		{88DDEC4C-CE1F-44E0-9269-0F02D6E2AC82}.Debug|ARM.Deploy.0 = Debug|Any CPU
		{88DDEC4C-CE1F-44E0-9269-0F02D6E2AC82}.Debug|iPhone.ActiveCfg = Debug|Any CPU
		{88DDEC4C-CE1F-44E0-9269-0F02D6E2AC82}.Debug|iPhone.Build.0 = Debug|Any CPU
		{88DDEC4C-CE1F-44E0-9269-0F02D6E2AC82}.Debug|iPhone.Deploy.0 = Debug|Any CPU
		{88DDEC4C-CE1F-44E0-9269-0F02D6E2AC82}.Debug|iPhoneSimulator.ActiveCfg = Debug|Any CPU
		{88DDEC4C-CE1F-44E0-9269-0F02D6E2AC82}.Debug|iPhoneSimulator.Build.0 = Debug|Any CPU
		{88DDEC4C-CE1F-44E0-9269-0F02D6E2AC82}.Debug|iPhoneSimulator.Deploy.0 = Debug|Any CPU
		{88DDEC4C-CE1F-44E0-9269-0F02D6E2AC82}.Debug|x64.ActiveCfg = Debug|Any CPU
		{88DDEC4C-CE1F-44E0-9269-0F02D6E2AC82}.Debug|x64.Build.0 = Debug|Any CPU
		{88DDEC4C-CE1F-44E0-9269-0F02D6E2AC82}.Debug|x64.Deploy.0 = Debug|Any CPU
		{88DDEC4C-CE1F-44E0-9269-0F02D6E2AC82}.Debug|x86.ActiveCfg = Debug|Any CPU
		{88DDEC4C-CE1F-44E0-9269-0F02D6E2AC82}.Debug|x86.Build.0 = Debug|Any CPU
		{88DDEC4C-CE1F-44E0-9269-0F02D6E2AC82}.Debug|x86.Deploy.0 = Debug|Any CPU
		{88DDEC4C-CE1F-44E0-9269-0F02D6E2AC82}.Release|Any CPU.ActiveCfg = Release|Any CPU
		{88DDEC4C-CE1F-44E0-9269-0F02D6E2AC82}.Release|Any CPU.Build.0 = Release|Any CPU
		{88DDEC4C-CE1F-44E0-9269-0F02D6E2AC82}.Release|Any CPU.Deploy.0 = Release|Any CPU
		{88DDEC4C-CE1F-44E0-9269-0F02D6E2AC82}.Release|ARM.ActiveCfg = Release|Any CPU
		{88DDEC4C-CE1F-44E0-9269-0F02D6E2AC82}.Release|ARM.Build.0 = Release|Any CPU
		{88DDEC4C-CE1F-44E0-9269-0F02D6E2AC82}.Release|ARM.Deploy.0 = Release|Any CPU
		{88DDEC4C-CE1F-44E0-9269-0F02D6E2AC82}.Release|iPhone.ActiveCfg = Release|Any CPU
		{88DDEC4C-CE1F-44E0-9269-0F02D6E2AC82}.Release|iPhone.Build.0 = Release|Any CPU
		{88DDEC4C-CE1F-44E0-9269-0F02D6E2AC82}.Release|iPhone.Deploy.0 = Release|Any CPU
		{88DDEC4C-CE1F-44E0-9269-0F02D6E2AC82}.Release|iPhoneSimulator.ActiveCfg = Release|Any CPU
		{88DDEC4C-CE1F-44E0-9269-0F02D6E2AC82}.Release|iPhoneSimulator.Build.0 = Release|Any CPU
		{88DDEC4C-CE1F-44E0-9269-0F02D6E2AC82}.Release|iPhoneSimulator.Deploy.0 = Release|Any CPU
		{88DDEC4C-CE1F-44E0-9269-0F02D6E2AC82}.Release|x64.ActiveCfg = Release|Any CPU
		{88DDEC4C-CE1F-44E0-9269-0F02D6E2AC82}.Release|x64.Build.0 = Release|Any CPU
		{88DDEC4C-CE1F-44E0-9269-0F02D6E2AC82}.Release|x64.Deploy.0 = Release|Any CPU
		{88DDEC4C-CE1F-44E0-9269-0F02D6E2AC82}.Release|x86.ActiveCfg = Release|Any CPU
		{88DDEC4C-CE1F-44E0-9269-0F02D6E2AC82}.Release|x86.Build.0 = Release|Any CPU
		{88DDEC4C-CE1F-44E0-9269-0F02D6E2AC82}.Release|x86.Deploy.0 = Release|Any CPU
		{20D4ED65-5E08-4608-951B-D294CBFDCDA5}.Ad-Hoc|Any CPU.ActiveCfg = Ad-Hoc|iPhone
		{20D4ED65-5E08-4608-951B-D294CBFDCDA5}.Ad-Hoc|ARM.ActiveCfg = Ad-Hoc|iPhone
		{20D4ED65-5E08-4608-951B-D294CBFDCDA5}.Ad-Hoc|iPhone.ActiveCfg = Ad-Hoc|iPhone
		{20D4ED65-5E08-4608-951B-D294CBFDCDA5}.Ad-Hoc|iPhone.Build.0 = Ad-Hoc|iPhone
		{20D4ED65-5E08-4608-951B-D294CBFDCDA5}.Ad-Hoc|iPhoneSimulator.ActiveCfg = Ad-Hoc|iPhoneSimulator
		{20D4ED65-5E08-4608-951B-D294CBFDCDA5}.Ad-Hoc|iPhoneSimulator.Build.0 = Ad-Hoc|iPhoneSimulator
		{20D4ED65-5E08-4608-951B-D294CBFDCDA5}.Ad-Hoc|x64.ActiveCfg = Ad-Hoc|iPhone
		{20D4ED65-5E08-4608-951B-D294CBFDCDA5}.Ad-Hoc|x86.ActiveCfg = Ad-Hoc|iPhone
		{20D4ED65-5E08-4608-951B-D294CBFDCDA5}.AppStore|Any CPU.ActiveCfg = AppStore|iPhone
		{20D4ED65-5E08-4608-951B-D294CBFDCDA5}.AppStore|ARM.ActiveCfg = AppStore|iPhone
		{20D4ED65-5E08-4608-951B-D294CBFDCDA5}.AppStore|iPhone.ActiveCfg = AppStore|iPhone
		{20D4ED65-5E08-4608-951B-D294CBFDCDA5}.AppStore|iPhone.Build.0 = AppStore|iPhone
		{20D4ED65-5E08-4608-951B-D294CBFDCDA5}.AppStore|iPhoneSimulator.ActiveCfg = AppStore|iPhoneSimulator
		{20D4ED65-5E08-4608-951B-D294CBFDCDA5}.AppStore|iPhoneSimulator.Build.0 = AppStore|iPhoneSimulator
		{20D4ED65-5E08-4608-951B-D294CBFDCDA5}.AppStore|x64.ActiveCfg = AppStore|iPhone
		{20D4ED65-5E08-4608-951B-D294CBFDCDA5}.AppStore|x86.ActiveCfg = AppStore|iPhone
		{20D4ED65-5E08-4608-951B-D294CBFDCDA5}.Debug|Any CPU.ActiveCfg = Debug|iPhone
		{20D4ED65-5E08-4608-951B-D294CBFDCDA5}.Debug|ARM.ActiveCfg = Debug|iPhone
		{20D4ED65-5E08-4608-951B-D294CBFDCDA5}.Debug|iPhone.ActiveCfg = Debug|iPhone
		{20D4ED65-5E08-4608-951B-D294CBFDCDA5}.Debug|iPhone.Build.0 = Debug|iPhone
		{20D4ED65-5E08-4608-951B-D294CBFDCDA5}.Debug|iPhoneSimulator.ActiveCfg = Debug|iPhoneSimulator
		{20D4ED65-5E08-4608-951B-D294CBFDCDA5}.Debug|iPhoneSimulator.Build.0 = Debug|iPhoneSimulator
		{20D4ED65-5E08-4608-951B-D294CBFDCDA5}.Debug|x64.ActiveCfg = Debug|iPhone
		{20D4ED65-5E08-4608-951B-D294CBFDCDA5}.Debug|x86.ActiveCfg = Debug|iPhone
		{20D4ED65-5E08-4608-951B-D294CBFDCDA5}.Release|Any CPU.ActiveCfg = Release|iPhone
		{20D4ED65-5E08-4608-951B-D294CBFDCDA5}.Release|ARM.ActiveCfg = Release|iPhone
		{20D4ED65-5E08-4608-951B-D294CBFDCDA5}.Release|iPhone.ActiveCfg = Release|iPhone
		{20D4ED65-5E08-4608-951B-D294CBFDCDA5}.Release|iPhone.Build.0 = Release|iPhone
		{20D4ED65-5E08-4608-951B-D294CBFDCDA5}.Release|iPhoneSimulator.ActiveCfg = Release|iPhoneSimulator
		{20D4ED65-5E08-4608-951B-D294CBFDCDA5}.Release|iPhoneSimulator.Build.0 = Release|iPhoneSimulator
		{20D4ED65-5E08-4608-951B-D294CBFDCDA5}.Release|x64.ActiveCfg = Release|iPhone
		{20D4ED65-5E08-4608-951B-D294CBFDCDA5}.Release|x86.ActiveCfg = Release|iPhone
		{3A0DD511-AFA4-4DA6-BE23-0FCD721756E7}.Ad-Hoc|Any CPU.ActiveCfg = Release|x86
		{3A0DD511-AFA4-4DA6-BE23-0FCD721756E7}.Ad-Hoc|Any CPU.Build.0 = Release|x86
		{3A0DD511-AFA4-4DA6-BE23-0FCD721756E7}.Ad-Hoc|Any CPU.Deploy.0 = Release|x86
		{3A0DD511-AFA4-4DA6-BE23-0FCD721756E7}.Ad-Hoc|ARM.ActiveCfg = Release|ARM
		{3A0DD511-AFA4-4DA6-BE23-0FCD721756E7}.Ad-Hoc|ARM.Build.0 = Release|ARM
		{3A0DD511-AFA4-4DA6-BE23-0FCD721756E7}.Ad-Hoc|ARM.Deploy.0 = Release|ARM
		{3A0DD511-AFA4-4DA6-BE23-0FCD721756E7}.Ad-Hoc|iPhone.ActiveCfg = Release|x86
		{3A0DD511-AFA4-4DA6-BE23-0FCD721756E7}.Ad-Hoc|iPhone.Build.0 = Release|x86
		{3A0DD511-AFA4-4DA6-BE23-0FCD721756E7}.Ad-Hoc|iPhone.Deploy.0 = Release|x86
		{3A0DD511-AFA4-4DA6-BE23-0FCD721756E7}.Ad-Hoc|iPhoneSimulator.ActiveCfg = Release|x86
		{3A0DD511-AFA4-4DA6-BE23-0FCD721756E7}.Ad-Hoc|iPhoneSimulator.Build.0 = Release|x86
		{3A0DD511-AFA4-4DA6-BE23-0FCD721756E7}.Ad-Hoc|iPhoneSimulator.Deploy.0 = Release|x86
		{3A0DD511-AFA4-4DA6-BE23-0FCD721756E7}.Ad-Hoc|x64.ActiveCfg = Release|x64
		{3A0DD511-AFA4-4DA6-BE23-0FCD721756E7}.Ad-Hoc|x64.Build.0 = Release|x64
		{3A0DD511-AFA4-4DA6-BE23-0FCD721756E7}.Ad-Hoc|x64.Deploy.0 = Release|x64
		{3A0DD511-AFA4-4DA6-BE23-0FCD721756E7}.Ad-Hoc|x86.ActiveCfg = Release|x86
		{3A0DD511-AFA4-4DA6-BE23-0FCD721756E7}.Ad-Hoc|x86.Build.0 = Release|x86
		{3A0DD511-AFA4-4DA6-BE23-0FCD721756E7}.Ad-Hoc|x86.Deploy.0 = Release|x86
		{3A0DD511-AFA4-4DA6-BE23-0FCD721756E7}.AppStore|Any CPU.ActiveCfg = Release|x86
		{3A0DD511-AFA4-4DA6-BE23-0FCD721756E7}.AppStore|Any CPU.Build.0 = Release|x86
		{3A0DD511-AFA4-4DA6-BE23-0FCD721756E7}.AppStore|Any CPU.Deploy.0 = Release|x86
		{3A0DD511-AFA4-4DA6-BE23-0FCD721756E7}.AppStore|ARM.ActiveCfg = Release|ARM
		{3A0DD511-AFA4-4DA6-BE23-0FCD721756E7}.AppStore|ARM.Build.0 = Release|ARM
		{3A0DD511-AFA4-4DA6-BE23-0FCD721756E7}.AppStore|ARM.Deploy.0 = Release|ARM
		{3A0DD511-AFA4-4DA6-BE23-0FCD721756E7}.AppStore|iPhone.ActiveCfg = Release|x86
		{3A0DD511-AFA4-4DA6-BE23-0FCD721756E7}.AppStore|iPhone.Build.0 = Release|x86
		{3A0DD511-AFA4-4DA6-BE23-0FCD721756E7}.AppStore|iPhone.Deploy.0 = Release|x86
		{3A0DD511-AFA4-4DA6-BE23-0FCD721756E7}.AppStore|iPhoneSimulator.ActiveCfg = Release|x86
		{3A0DD511-AFA4-4DA6-BE23-0FCD721756E7}.AppStore|iPhoneSimulator.Build.0 = Release|x86
		{3A0DD511-AFA4-4DA6-BE23-0FCD721756E7}.AppStore|iPhoneSimulator.Deploy.0 = Release|x86
		{3A0DD511-AFA4-4DA6-BE23-0FCD721756E7}.AppStore|x64.ActiveCfg = Release|x64
		{3A0DD511-AFA4-4DA6-BE23-0FCD721756E7}.AppStore|x64.Build.0 = Release|x64
		{3A0DD511-AFA4-4DA6-BE23-0FCD721756E7}.AppStore|x64.Deploy.0 = Release|x64
		{3A0DD511-AFA4-4DA6-BE23-0FCD721756E7}.AppStore|x86.ActiveCfg = Release|x86
		{3A0DD511-AFA4-4DA6-BE23-0FCD721756E7}.AppStore|x86.Build.0 = Release|x86
		{3A0DD511-AFA4-4DA6-BE23-0FCD721756E7}.AppStore|x86.Deploy.0 = Release|x86
		{3A0DD511-AFA4-4DA6-BE23-0FCD721756E7}.Debug|Any CPU.ActiveCfg = Debug|x86
		{3A0DD511-AFA4-4DA6-BE23-0FCD721756E7}.Debug|ARM.ActiveCfg = Debug|ARM
		{3A0DD511-AFA4-4DA6-BE23-0FCD721756E7}.Debug|ARM.Build.0 = Debug|ARM
		{3A0DD511-AFA4-4DA6-BE23-0FCD721756E7}.Debug|ARM.Deploy.0 = Debug|ARM
		{3A0DD511-AFA4-4DA6-BE23-0FCD721756E7}.Debug|iPhone.ActiveCfg = Debug|x86
		{3A0DD511-AFA4-4DA6-BE23-0FCD721756E7}.Debug|iPhoneSimulator.ActiveCfg = Debug|x86
		{3A0DD511-AFA4-4DA6-BE23-0FCD721756E7}.Debug|x64.ActiveCfg = Debug|x64
		{3A0DD511-AFA4-4DA6-BE23-0FCD721756E7}.Debug|x64.Build.0 = Debug|x64
		{3A0DD511-AFA4-4DA6-BE23-0FCD721756E7}.Debug|x64.Deploy.0 = Debug|x64
		{3A0DD511-AFA4-4DA6-BE23-0FCD721756E7}.Debug|x86.ActiveCfg = Debug|x86
		{3A0DD511-AFA4-4DA6-BE23-0FCD721756E7}.Debug|x86.Build.0 = Debug|x86
		{3A0DD511-AFA4-4DA6-BE23-0FCD721756E7}.Debug|x86.Deploy.0 = Debug|x86
		{3A0DD511-AFA4-4DA6-BE23-0FCD721756E7}.Release|Any CPU.ActiveCfg = Release|x86
		{3A0DD511-AFA4-4DA6-BE23-0FCD721756E7}.Release|ARM.ActiveCfg = Release|ARM
		{3A0DD511-AFA4-4DA6-BE23-0FCD721756E7}.Release|ARM.Build.0 = Release|ARM
		{3A0DD511-AFA4-4DA6-BE23-0FCD721756E7}.Release|ARM.Deploy.0 = Release|ARM
		{3A0DD511-AFA4-4DA6-BE23-0FCD721756E7}.Release|iPhone.ActiveCfg = Release|x86
		{3A0DD511-AFA4-4DA6-BE23-0FCD721756E7}.Release|iPhoneSimulator.ActiveCfg = Release|x86
		{3A0DD511-AFA4-4DA6-BE23-0FCD721756E7}.Release|x64.ActiveCfg = Release|x64
		{3A0DD511-AFA4-4DA6-BE23-0FCD721756E7}.Release|x64.Build.0 = Release|x64
		{3A0DD511-AFA4-4DA6-BE23-0FCD721756E7}.Release|x64.Deploy.0 = Release|x64
		{3A0DD511-AFA4-4DA6-BE23-0FCD721756E7}.Release|x86.ActiveCfg = Release|x86
		{3A0DD511-AFA4-4DA6-BE23-0FCD721756E7}.Release|x86.Build.0 = Release|x86
		{3A0DD511-AFA4-4DA6-BE23-0FCD721756E7}.Release|x86.Deploy.0 = Release|x86
	EndGlobalSection
	GlobalSection(SolutionProperties) = preSolution
		HideSolutionNode = FALSE
	EndGlobalSection
EndGlobal
